
Microsoft Visual Studio Solution File, Format Version 12.00
# Visual Studio Version 17
VisualStudioVersion = 17.8.34316.72
MinimumVisualStudioVersion = 10.0.40219.1
Project("{F184B08F-C81C-45F6-A57F-5ABD9991F28F}") = "QUIZ1CRUDemerald", "QUIZ1CRUDemerald\QUIZ1CRUDemerald.vbproj", "{87861618-58F0-40BD-B232-A393CFD83970}"
EndProject
Global
	GlobalSection(SolutionConfigurationPlatforms) = preSolution
		Debug|Any CPU = Debug|Any CPU
		Release|Any CPU = Release|Any CPU
	EndGlobalSection
	GlobalSection(ProjectConfigurationPlatforms) = postSolution
		{87861618-58F0-40BD-B232-A393CFD83970}.Debug|Any CPU.ActiveCfg = Debug|Any CPU
		{87861618-58F0-40BD-B232-A393CFD83970}.Debug|Any CPU.Build.0 = Debug|Any CPU
		{87861618-58F0-40BD-B232-A393CFD83970}.Release|Any CPU.ActiveCfg = Release|Any CPU
		{87861618-58F0-40BD-B232-A393CFD83970}.Release|Any CPU.Build.0 = Release|Any CPU
	EndGlobalSection
	GlobalSection(SolutionProperties) = preSolution
		HideSolutionNode = FALSE
	EndGlobalSection
	GlobalSection(ExtensibilityGlobals) = postSolution
		SolutionGuid = {1728275A-041F-4647-B75A-0DEF65FFE904}
	EndGlobalSection
EndGlobal
